
Microsoft Visual Studio Solution File, Format Version 12.00
# Visual Studio 14
VisualStudioVersion = 14.0.23107.0
MinimumVisualStudioVersion = 10.0.40219.1
Project("{FAE04EC0-301F-11D3-BF4B-00C04F79EFBC}") = "Test", "Test\Test.csproj", "{18622757-A9ED-41D1-B864-1724D59C67EC}"
EndProject
Project("{FAE04EC0-301F-11D3-BF4B-00C04F79EFBC}") = "LambdaVariableScope", "LambdaVariableScope\LambdaVariableScope.csproj", "{1FD0EAFB-DEAF-46A6-AFA9-B6572D3ECC85}"
EndProject
Project("{FAE04EC0-301F-11D3-BF4B-00C04F79EFBC}") = "DelegateTranformation", "DelegateTranformation\DelegateTranformation.csproj", "{0FE99702-BF71-4FC3-A6DA-402202A77B21}"
EndProject
Project("{FAE04EC0-301F-11D3-BF4B-00C04F79EFBC}") = "Contravariant_Covariant", "Contravariant_Covariant\Contravariant_Covariant.csproj", "{FA1AE8BD-DFF4-4B49-BD48-3DA222DBAA03}"
EndProject
Project("{FAE04EC0-301F-11D3-BF4B-00C04F79EFBC}") = "CaptureLoopDemo", "CaptureLoop\CaptureLoopDemo.csproj", "{56B2B649-B3DF-4838-90C8-4BC5B4ED6085}"
EndProject
Global
	GlobalSection(SolutionConfigurationPlatforms) = preSolution
		Debug|Any CPU = Debug|Any CPU
		Release|Any CPU = Release|Any CPU
	EndGlobalSection
	GlobalSection(ProjectConfigurationPlatforms) = postSolution
		{18622757-A9ED-41D1-B864-1724D59C67EC}.Debug|Any CPU.ActiveCfg = Debug|Any CPU
		{18622757-A9ED-41D1-B864-1724D59C67EC}.Debug|Any CPU.Build.0 = Debug|Any CPU
		{18622757-A9ED-41D1-B864-1724D59C67EC}.Release|Any CPU.ActiveCfg = Release|Any CPU
		{18622757-A9ED-41D1-B864-1724D59C67EC}.Release|Any CPU.Build.0 = Release|Any CPU
		{1FD0EAFB-DEAF-46A6-AFA9-B6572D3ECC85}.Debug|Any CPU.ActiveCfg = Debug|Any CPU
		{1FD0EAFB-DEAF-46A6-AFA9-B6572D3ECC85}.Debug|Any CPU.Build.0 = Debug|Any CPU
		{1FD0EAFB-DEAF-46A6-AFA9-B6572D3ECC85}.Release|Any CPU.ActiveCfg = Release|Any CPU
		{1FD0EAFB-DEAF-46A6-AFA9-B6572D3ECC85}.Release|Any CPU.Build.0 = Release|Any CPU
		{0FE99702-BF71-4FC3-A6DA-402202A77B21}.Debug|Any CPU.ActiveCfg = Debug|Any CPU
		{0FE99702-BF71-4FC3-A6DA-402202A77B21}.Debug|Any CPU.Build.0 = Debug|Any CPU
		{0FE99702-BF71-4FC3-A6DA-402202A77B21}.Release|Any CPU.ActiveCfg = Release|Any CPU
		{0FE99702-BF71-4FC3-A6DA-402202A77B21}.Release|Any CPU.Build.0 = Release|Any CPU
		{FA1AE8BD-DFF4-4B49-BD48-3DA222DBAA03}.Debug|Any CPU.ActiveCfg = Debug|Any CPU
		{FA1AE8BD-DFF4-4B49-BD48-3DA222DBAA03}.Debug|Any CPU.Build.0 = Debug|Any CPU
		{FA1AE8BD-DFF4-4B49-BD48-3DA222DBAA03}.Release|Any CPU.ActiveCfg = Release|Any CPU
		{FA1AE8BD-DFF4-4B49-BD48-3DA222DBAA03}.Release|Any CPU.Build.0 = Release|Any CPU
		{56B2B649-B3DF-4838-90C8-4BC5B4ED6085}.Debug|Any CPU.ActiveCfg = Debug|Any CPU
		{56B2B649-B3DF-4838-90C8-4BC5B4ED6085}.Debug|Any CPU.Build.0 = Debug|Any CPU
		{56B2B649-B3DF-4838-90C8-4BC5B4ED6085}.Release|Any CPU.ActiveCfg = Release|Any CPU
		{56B2B649-B3DF-4838-90C8-4BC5B4ED6085}.Release|Any CPU.Build.0 = Release|Any CPU
	EndGlobalSection
	GlobalSection(SolutionProperties) = preSolution
		HideSolutionNode = FALSE
	EndGlobalSection
EndGlobal
